{
  "meteor": {
    "git": "https://github.com/meteor/meteor.git",
    "branch": "master",
    "commit": "c5292257533fd899dde0d4f3849864d23090c26e"
  },
  "dependencies": {
    "basePackages": {
      "bootstrap-3": {},
      "font-awesome": {},
      "chartjs": {},
      "tinycon": {},
      "scroll-to-fixed": {},
      "iron-router": {}
    },
    "packages": {
      "bootstrap-3": {
        "git": "https://github.com/mangasocial/meteor-bootstrap-3.git",
        "tag": "v3.1.1-1",
        "commit": "63dd38968828bb8963636df93e9a1c45e2dfe67e"
      },
      "font-awesome": {
        "git": "https://github.com/nate-strauser/meteor-font-awesome.git",
        "tag": "v4.1.0",
        "commit": "ce6b1e92715d1938babc5d69c655c17e387f5926"
      },
      "chartjs": {
        "git": "https://github.com/donskifarrell/meteor-chartjs.git",
        "tag": "v0.0.4",
        "commit": "9d2adcd1de3728c8227e8eb7da0dcb2e0df21d0b"
      },
      "tinycon": {
        "git": "https://github.com/and-fri/meteor-tinycon.git",
        "tag": "v0.0.1",
        "commit": "3b67d0c483579d3147be538611e8b95e8e2cf31c"
      },
      "scroll-to-fixed": {
        "git": "https://github.com/and-fri/meteor-scroll-to-fixed.git",
        "tag": "v0.0.1",
        "commit": "d2cb3dfa93a00a9d52a7bf751a23dfe22522474a"
      },
      "iron-router": {
        "git": "https://github.com/EventedMind/iron-router.git",
        "tag": "v0.7.1",
        "commit": "d1ffb3f06ea4c112132b030f2eb1a70b81675ecb"
      },
      "blaze-layout": {
        "git": "https://github.com/EventedMind/blaze-layout.git",
        "tag": "v0.2.4",
        "commit": "b40e9b0612329288d75cf52ad14a7da64bb8618f"
      }
    }
  }
}
