{
  "meteor": {
    "git": "https://github.com/meteor/meteor.git",
    "branch": "master",
    "commit": "4555d2c8e4f7389d9d5fadd39d381fdb080ed742"
  },
  "dependencies": {
    "basePackages": {
      "bootstrap-3": {},
      "font-awesome": {},
      "chartjs": {},
      "tinycon": {},
      "scroll-to-fixed": {},
      "iron-router": {}
    },
    "packages": {
      "bootstrap-3": {
        "git": "https://github.com/mangasocial/meteor-bootstrap-3.git",
        "tag": "v3.1.1-1",
        "commit": "63dd38968828bb8963636df93e9a1c45e2dfe67e"
      },
      "font-awesome": {
        "git": "https://github.com/nate-strauser/meteor-font-awesome.git",
        "tag": "v4.0.3",
        "commit": "61e9361384347547ae144f8228faa4deffda23db"
      },
      "chartjs": {
        "git": "https://github.com/donskifarrell/meteor-chartjs.git",
        "tag": "v0.0.4",
        "commit": "9d2adcd1de3728c8227e8eb7da0dcb2e0df21d0b"
      },
      "tinycon": {
        "git": "https://github.com/and-fri/meteor-tinycon.git",
        "tag": "v0.0.1",
        "commit": "3b67d0c483579d3147be538611e8b95e8e2cf31c"
      },
      "scroll-to-fixed": {
        "git": "https://github.com/and-fri/meteor-scroll-to-fixed.git",
        "tag": "v0.0.1",
        "commit": "d2cb3dfa93a00a9d52a7bf751a23dfe22522474a"
      },
      "iron-router": {
        "git": "https://github.com/EventedMind/iron-router.git",
        "tag": "v0.6.4",
        "commit": "927bbaed1b87894fb6fb70807f74ff3a5bd89f29"
      }
    }
  }
}
