{
  "meteor": {
    "git": "https://github.com/meteor/meteor.git",
    "branch": "master",
    "commit": "86a52e61428f5dcd9e75eb1de0e303caf0c26a22"
  },
  "dependencies": {
    "basePackages": {
      "bootstrap-3": {},
      "font-awesome-4": {}
    },
    "packages": {
      "bootstrap-3": {
        "git": "https://github.com/mangasocial/meteor-bootstrap-3.git",
        "tag": "v0.3.5",
        "commit": "47996f67f3987c9f82117394effcbe1586a4fe29"
      },
      "font-awesome-4": {
        "git": "https://github.com/michaelbishop/meteor-font-awesome-4.git",
        "tag": "v4.0.0",
        "commit": "c28b5a0f2a2bd233c495642b40a167eda95172f5"
      }
    }
  }
}
